
Microsoft Visual Studio Solution File, Format Version 11.00
# Visual Studio 2010
Project("{FAE04EC0-301F-11D3-BF4B-00C04F79EFBC}") = "MyFirstAndroid", "MyFirstAndroid\MyFirstAndroid.csproj", "{D024FDFD-4837-4A07-8EAE-98999A3BFEE1}"
EndProject
Global
	GlobalSection(SolutionConfigurationPlatforms) = preSolution
		Debug|Any CPU = Debug|Any CPU
		Release|Any CPU = Release|Any CPU
	EndGlobalSection
	GlobalSection(ProjectConfigurationPlatforms) = postSolution
		{D024FDFD-4837-4A07-8EAE-98999A3BFEE1}.Debug|Any CPU.ActiveCfg = Debug|Any CPU
		{D024FDFD-4837-4A07-8EAE-98999A3BFEE1}.Debug|Any CPU.Build.0 = Debug|Any CPU
		{D024FDFD-4837-4A07-8EAE-98999A3BFEE1}.Debug|Any CPU.Deploy.0 = Debug|Any CPU
		{D024FDFD-4837-4A07-8EAE-98999A3BFEE1}.Release|Any CPU.ActiveCfg = Release|Any CPU
		{D024FDFD-4837-4A07-8EAE-98999A3BFEE1}.Release|Any CPU.Build.0 = Release|Any CPU
		{D024FDFD-4837-4A07-8EAE-98999A3BFEE1}.Release|Any CPU.Deploy.0 = Release|Any CPU
	EndGlobalSection
	GlobalSection(SolutionProperties) = preSolution
		HideSolutionNode = FALSE
	EndGlobalSection
EndGlobal
